
Microsoft Visual Studio Solution File, Format Version 12.00
# Visual Studio Version 17
VisualStudioVersion = 17.14.36127.28
MinimumVisualStudioVersion = 10.0.40219.1
Project("{00D1A9C2-B5F0-4AF3-8072-F6C62B433612}") = "E-commerce", "E-commerce.sqlproj", "{CF28FBEF-B7F5-45E9-B3E7-45C2A7E113D7}"
EndProject
Project("{C9674DCB-5085-4A16-B785-4C70DD1589BD}") = "Carga das tabelas de E-Commerce", "Carga das tabelas de E-Commerce\Carga das tabelas de E-Commerce.dtproj", "{A098FDF8-EF7E-35E2-ECE9-7E323E817A63}"
EndProject
Global
	GlobalSection(SolutionConfigurationPlatforms) = preSolution
		Debug|Any CPU = Debug|Any CPU
		Development|Any CPU = Development|Any CPU
		Release|Any CPU = Release|Any CPU
	EndGlobalSection
	GlobalSection(ProjectConfigurationPlatforms) = postSolution
		{CF28FBEF-B7F5-45E9-B3E7-45C2A7E113D7}.Debug|Any CPU.ActiveCfg = Debug|Any CPU
		{CF28FBEF-B7F5-45E9-B3E7-45C2A7E113D7}.Debug|Any CPU.Build.0 = Debug|Any CPU
		{CF28FBEF-B7F5-45E9-B3E7-45C2A7E113D7}.Debug|Any CPU.Deploy.0 = Debug|Any CPU
		{CF28FBEF-B7F5-45E9-B3E7-45C2A7E113D7}.Development|Any CPU.ActiveCfg = Release|Any CPU
		{CF28FBEF-B7F5-45E9-B3E7-45C2A7E113D7}.Development|Any CPU.Build.0 = Release|Any CPU
		{CF28FBEF-B7F5-45E9-B3E7-45C2A7E113D7}.Development|Any CPU.Deploy.0 = Release|Any CPU
		{CF28FBEF-B7F5-45E9-B3E7-45C2A7E113D7}.Release|Any CPU.ActiveCfg = Release|Any CPU
		{CF28FBEF-B7F5-45E9-B3E7-45C2A7E113D7}.Release|Any CPU.Build.0 = Release|Any CPU
		{CF28FBEF-B7F5-45E9-B3E7-45C2A7E113D7}.Release|Any CPU.Deploy.0 = Release|Any CPU
		{A098FDF8-EF7E-35E2-ECE9-7E323E817A63}.Debug|Any CPU.ActiveCfg = Development
		{A098FDF8-EF7E-35E2-ECE9-7E323E817A63}.Debug|Any CPU.Build.0 = Development
		{A098FDF8-EF7E-35E2-ECE9-7E323E817A63}.Development|Any CPU.ActiveCfg = Development
		{A098FDF8-EF7E-35E2-ECE9-7E323E817A63}.Development|Any CPU.Build.0 = Development
		{A098FDF8-EF7E-35E2-ECE9-7E323E817A63}.Release|Any CPU.ActiveCfg = Development
		{A098FDF8-EF7E-35E2-ECE9-7E323E817A63}.Release|Any CPU.Build.0 = Development
	EndGlobalSection
	GlobalSection(SolutionProperties) = preSolution
		HideSolutionNode = FALSE
	EndGlobalSection
	GlobalSection(ExtensibilityGlobals) = postSolution
		SolutionGuid = {A641703C-0A02-48A9-97A3-A93F92D85732}
	EndGlobalSection
EndGlobal
